
Microsoft Visual Studio Solution File, Format Version 12.00
# Visual Studio 14
VisualStudioVersion = 14.0.22823.1
MinimumVisualStudioVersion = 10.0.40219.1
Project("{FAE04EC0-301F-11D3-BF4B-00C04F79EFBC}") = "WFT", "Sources\WFT\WFT.csproj", "{0C239FF4-ABC5-4145-8114-9F561B9AAA17}"
EndProject
Project("{FAE04EC0-301F-11D3-BF4B-00C04F79EFBC}") = "WFT.Tests", "Sources\WFT.Tests\WFT.Tests.csproj", "{10D7DC1E-6197-4DCF-A5D0-23C815146953}"
EndProject
Project("{2150E333-8FDC-42A3-9474-1A3956D46DE8}") = "Solution Items", "Solution Items", "{AD53F5FE-14E8-4265-A48F-A2F861A38659}"
	ProjectSection(SolutionItems) = preProject
		ProjectInfo.cs = ProjectInfo.cs
		README.md = README.md
	EndProjectSection
EndProject
Project("{FAE04EC0-301F-11D3-BF4B-00C04F79EFBC}") = "WFT.Demo", "Sources\WFT.Demo\WFT.Demo.csproj", "{8B3C3DD5-1632-433A-8A47-DE86D6D8019C}"
EndProject
Global
	GlobalSection(SolutionConfigurationPlatforms) = preSolution
		Debug|Any CPU = Debug|Any CPU
		Release|Any CPU = Release|Any CPU
	EndGlobalSection
	GlobalSection(ProjectConfigurationPlatforms) = postSolution
		{0C239FF4-ABC5-4145-8114-9F561B9AAA17}.Debug|Any CPU.ActiveCfg = Debug|Any CPU
		{0C239FF4-ABC5-4145-8114-9F561B9AAA17}.Debug|Any CPU.Build.0 = Debug|Any CPU
		{0C239FF4-ABC5-4145-8114-9F561B9AAA17}.Release|Any CPU.ActiveCfg = Release|Any CPU
		{0C239FF4-ABC5-4145-8114-9F561B9AAA17}.Release|Any CPU.Build.0 = Release|Any CPU
		{10D7DC1E-6197-4DCF-A5D0-23C815146953}.Debug|Any CPU.ActiveCfg = Debug|Any CPU
		{10D7DC1E-6197-4DCF-A5D0-23C815146953}.Debug|Any CPU.Build.0 = Debug|Any CPU
		{10D7DC1E-6197-4DCF-A5D0-23C815146953}.Release|Any CPU.ActiveCfg = Release|Any CPU
		{10D7DC1E-6197-4DCF-A5D0-23C815146953}.Release|Any CPU.Build.0 = Release|Any CPU
		{8B3C3DD5-1632-433A-8A47-DE86D6D8019C}.Debug|Any CPU.ActiveCfg = Debug|Any CPU
		{8B3C3DD5-1632-433A-8A47-DE86D6D8019C}.Debug|Any CPU.Build.0 = Debug|Any CPU
		{8B3C3DD5-1632-433A-8A47-DE86D6D8019C}.Release|Any CPU.ActiveCfg = Release|Any CPU
		{8B3C3DD5-1632-433A-8A47-DE86D6D8019C}.Release|Any CPU.Build.0 = Release|Any CPU
	EndGlobalSection
	GlobalSection(SolutionProperties) = preSolution
		HideSolutionNode = FALSE
	EndGlobalSection
EndGlobal
